
Microsoft Visual Studio Solution File, Format Version 12.00
# Visual Studio Version 17
VisualStudioVersion = 17.3.32929.385
MinimumVisualStudioVersion = 10.0.40219.1
Project("{9A19103F-16F7-4668-BE54-9A1E7A4F7556}") = "01_Intro", "01_Intro\01_Intro.csproj", "{35053A70-D114-44E5-A937-792064B4E82A}"
EndProject
Project("{9A19103F-16F7-4668-BE54-9A1E7A4F7556}") = "02_Array", "02_Array\02_Array.csproj", "{37FD919F-04D2-49B8-83C9-5B27A7C68DD6}"
EndProject
Project("{9A19103F-16F7-4668-BE54-9A1E7A4F7556}") = "03_Enum", "03_Enum\03_Enum.csproj", "{8C4CB255-05CD-471C-A395-43DFDF9285D7}"
EndProject
Project("{9A19103F-16F7-4668-BE54-9A1E7A4F7556}") = "04_String", "04_String\04_String.csproj", "{BDC698A8-751C-4169-B2F3-80663CD34EF8}"
EndProject
Project("{9A19103F-16F7-4668-BE54-9A1E7A4F7556}") = "05_StringBuilder", "05_StringBuilder\05_StringBuilder.csproj", "{093D77DD-5D75-44EB-B202-45D4F3D7A031}"
EndProject
Project("{9A19103F-16F7-4668-BE54-9A1E7A4F7556}") = "06_IntroToOOP", "06_IntroToOOP\06_IntroToOOP.csproj", "{5829E25E-187A-419F-8BD1-6B5713602CBD}"
EndProject
Project("{9A19103F-16F7-4668-BE54-9A1E7A4F7556}") = "07_StructRefOut", "07_StructRefOut\07_StructRefOut.csproj", "{6B34CEF2-3B4C-4671-9644-C51729530AC9}"
EndProject
Project("{9A19103F-16F7-4668-BE54-9A1E7A4F7556}") = "08_OverloadOperators", "08_OverloadOperators\08_OverloadOperators.csproj", "{D70B6197-112B-492E-958D-0574CBEE1000}"
EndProject
Project("{9A19103F-16F7-4668-BE54-9A1E7A4F7556}") = "09_Indexers", "09_Indexers\09_Indexers.csproj", "{4A56F573-B71A-412A-B0C6-8FB8A19576F5}"
EndProject
Project("{9A19103F-16F7-4668-BE54-9A1E7A4F7556}") = "10_Inheritance", "10_Inheritance\10_Inheritance.csproj", "{8DDFFB66-B3C7-49E7-8903-1335F9A59810}"
EndProject
Project("{9A19103F-16F7-4668-BE54-9A1E7A4F7556}") = "11_Interfaces", "11_Interfaces\11_Interfaces.csproj", "{8DF60651-28B7-437D-B1E1-C31CE19913FE}"
EndProject
Project("{9A19103F-16F7-4668-BE54-9A1E7A4F7556}") = "12_StandartInterface", "12_StandartInterface\12_StandartInterface.csproj", "{2391857A-7B87-4FDC-ADE7-2C6AF380CEFA}"
EndProject
Project("{9A19103F-16F7-4668-BE54-9A1E7A4F7556}") = "13_Delegates", "13_Delegates\13_Delegates.csproj", "{4AC5FD34-EB57-4D68-88F1-930A43B6E894}"
EndProject
Project("{9A19103F-16F7-4668-BE54-9A1E7A4F7556}") = "14_Events", "14_Events\14_Events.csproj", "{516A253F-3743-4585-9AE6-B2FF0DF6AF36}"
EndProject
Project("{9A19103F-16F7-4668-BE54-9A1E7A4F7556}") = "15_Extensions", "15_Extensions\15_Extensions.csproj", "{DDE5F88F-DE59-4CC6-A272-411B1C8DA892}"
EndProject
Project("{9A19103F-16F7-4668-BE54-9A1E7A4F7556}") = "16_Dictionary", "16_Dictionary\16_Dictionary.csproj", "{82B8CE38-47F7-475D-8500-040F3C35113B}"
EndProject
Project("{9A19103F-16F7-4668-BE54-9A1E7A4F7556}") = "17_Collection", "17_Collection\17_Collection.csproj", "{C5A399DB-0135-4A09-98FB-C49384EA2446}"
EndProject
Project("{9A19103F-16F7-4668-BE54-9A1E7A4F7556}") = "18_Generics", "18_Generics\18_Generics.csproj", "{82606E35-BB06-4516-B36D-BE9BE098418B}"
EndProject
Project("{9A19103F-16F7-4668-BE54-9A1E7A4F7556}") = "19_GenericsHomeworks", "19_GenericsHomeworks\19_GenericsHomeworks.csproj", "{8E1DC7E4-0489-482C-B3A8-CB85D62D53F3}"
EndProject
Project("{FAE04EC0-301F-11D3-BF4B-00C04F79EFBC}") = "20_ Attributes", "20_ Attributes\20_ Attributes.csproj", "{66CF49CF-C1CC-43A2-97BD-8DBC81F3B33F}"
EndProject
Project("{FAE04EC0-301F-11D3-BF4B-00C04F79EFBC}") = "21_Serializable", "21_Serializable\21_Serializable.csproj", "{6FE3D57D-F8D3-4772-8BDF-FF859AE5C88B}"
EndProject
Project("{FAE04EC0-301F-11D3-BF4B-00C04F79EFBC}") = "22_XML_Serialize", "22_XML_Serialize\22_XML_Serialize.csproj", "{A94C4A57-85D0-4DAF-AC78-AD193EE46FB3}"
EndProject
Global
	GlobalSection(SolutionConfigurationPlatforms) = preSolution
		Debug|Any CPU = Debug|Any CPU
		Release|Any CPU = Release|Any CPU
	EndGlobalSection
	GlobalSection(ProjectConfigurationPlatforms) = postSolution
		{35053A70-D114-44E5-A937-792064B4E82A}.Debug|Any CPU.ActiveCfg = Debug|Any CPU
		{35053A70-D114-44E5-A937-792064B4E82A}.Debug|Any CPU.Build.0 = Debug|Any CPU
		{35053A70-D114-44E5-A937-792064B4E82A}.Release|Any CPU.ActiveCfg = Release|Any CPU
		{35053A70-D114-44E5-A937-792064B4E82A}.Release|Any CPU.Build.0 = Release|Any CPU
		{37FD919F-04D2-49B8-83C9-5B27A7C68DD6}.Debug|Any CPU.ActiveCfg = Debug|Any CPU
		{37FD919F-04D2-49B8-83C9-5B27A7C68DD6}.Debug|Any CPU.Build.0 = Debug|Any CPU
		{37FD919F-04D2-49B8-83C9-5B27A7C68DD6}.Release|Any CPU.ActiveCfg = Release|Any CPU
		{37FD919F-04D2-49B8-83C9-5B27A7C68DD6}.Release|Any CPU.Build.0 = Release|Any CPU
		{8C4CB255-05CD-471C-A395-43DFDF9285D7}.Debug|Any CPU.ActiveCfg = Debug|Any CPU
		{8C4CB255-05CD-471C-A395-43DFDF9285D7}.Debug|Any CPU.Build.0 = Debug|Any CPU
		{8C4CB255-05CD-471C-A395-43DFDF9285D7}.Release|Any CPU.ActiveCfg = Release|Any CPU
		{8C4CB255-05CD-471C-A395-43DFDF9285D7}.Release|Any CPU.Build.0 = Release|Any CPU
		{BDC698A8-751C-4169-B2F3-80663CD34EF8}.Debug|Any CPU.ActiveCfg = Debug|Any CPU
		{BDC698A8-751C-4169-B2F3-80663CD34EF8}.Debug|Any CPU.Build.0 = Debug|Any CPU
		{BDC698A8-751C-4169-B2F3-80663CD34EF8}.Release|Any CPU.ActiveCfg = Release|Any CPU
		{BDC698A8-751C-4169-B2F3-80663CD34EF8}.Release|Any CPU.Build.0 = Release|Any CPU
		{093D77DD-5D75-44EB-B202-45D4F3D7A031}.Debug|Any CPU.ActiveCfg = Debug|Any CPU
		{093D77DD-5D75-44EB-B202-45D4F3D7A031}.Debug|Any CPU.Build.0 = Debug|Any CPU
		{093D77DD-5D75-44EB-B202-45D4F3D7A031}.Release|Any CPU.ActiveCfg = Release|Any CPU
		{093D77DD-5D75-44EB-B202-45D4F3D7A031}.Release|Any CPU.Build.0 = Release|Any CPU
		{5829E25E-187A-419F-8BD1-6B5713602CBD}.Debug|Any CPU.ActiveCfg = Debug|Any CPU
		{5829E25E-187A-419F-8BD1-6B5713602CBD}.Debug|Any CPU.Build.0 = Debug|Any CPU
		{5829E25E-187A-419F-8BD1-6B5713602CBD}.Release|Any CPU.ActiveCfg = Release|Any CPU
		{5829E25E-187A-419F-8BD1-6B5713602CBD}.Release|Any CPU.Build.0 = Release|Any CPU
		{6B34CEF2-3B4C-4671-9644-C51729530AC9}.Debug|Any CPU.ActiveCfg = Debug|Any CPU
		{6B34CEF2-3B4C-4671-9644-C51729530AC9}.Debug|Any CPU.Build.0 = Debug|Any CPU
		{6B34CEF2-3B4C-4671-9644-C51729530AC9}.Release|Any CPU.ActiveCfg = Release|Any CPU
		{6B34CEF2-3B4C-4671-9644-C51729530AC9}.Release|Any CPU.Build.0 = Release|Any CPU
		{D70B6197-112B-492E-958D-0574CBEE1000}.Debug|Any CPU.ActiveCfg = Debug|Any CPU
		{D70B6197-112B-492E-958D-0574CBEE1000}.Debug|Any CPU.Build.0 = Debug|Any CPU
		{D70B6197-112B-492E-958D-0574CBEE1000}.Release|Any CPU.ActiveCfg = Release|Any CPU
		{D70B6197-112B-492E-958D-0574CBEE1000}.Release|Any CPU.Build.0 = Release|Any CPU
		{4A56F573-B71A-412A-B0C6-8FB8A19576F5}.Debug|Any CPU.ActiveCfg = Debug|Any CPU
		{4A56F573-B71A-412A-B0C6-8FB8A19576F5}.Debug|Any CPU.Build.0 = Debug|Any CPU
		{4A56F573-B71A-412A-B0C6-8FB8A19576F5}.Release|Any CPU.ActiveCfg = Release|Any CPU
		{4A56F573-B71A-412A-B0C6-8FB8A19576F5}.Release|Any CPU.Build.0 = Release|Any CPU
		{8DDFFB66-B3C7-49E7-8903-1335F9A59810}.Debug|Any CPU.ActiveCfg = Debug|Any CPU
		{8DDFFB66-B3C7-49E7-8903-1335F9A59810}.Debug|Any CPU.Build.0 = Debug|Any CPU
		{8DDFFB66-B3C7-49E7-8903-1335F9A59810}.Release|Any CPU.ActiveCfg = Release|Any CPU
		{8DDFFB66-B3C7-49E7-8903-1335F9A59810}.Release|Any CPU.Build.0 = Release|Any CPU
		{8DF60651-28B7-437D-B1E1-C31CE19913FE}.Debug|Any CPU.ActiveCfg = Debug|Any CPU
		{8DF60651-28B7-437D-B1E1-C31CE19913FE}.Debug|Any CPU.Build.0 = Debug|Any CPU
		{8DF60651-28B7-437D-B1E1-C31CE19913FE}.Release|Any CPU.ActiveCfg = Release|Any CPU
		{8DF60651-28B7-437D-B1E1-C31CE19913FE}.Release|Any CPU.Build.0 = Release|Any CPU
		{2391857A-7B87-4FDC-ADE7-2C6AF380CEFA}.Debug|Any CPU.ActiveCfg = Debug|Any CPU
		{2391857A-7B87-4FDC-ADE7-2C6AF380CEFA}.Debug|Any CPU.Build.0 = Debug|Any CPU
		{2391857A-7B87-4FDC-ADE7-2C6AF380CEFA}.Release|Any CPU.ActiveCfg = Release|Any CPU
		{2391857A-7B87-4FDC-ADE7-2C6AF380CEFA}.Release|Any CPU.Build.0 = Release|Any CPU
		{4AC5FD34-EB57-4D68-88F1-930A43B6E894}.Debug|Any CPU.ActiveCfg = Debug|Any CPU
		{4AC5FD34-EB57-4D68-88F1-930A43B6E894}.Debug|Any CPU.Build.0 = Debug|Any CPU
		{4AC5FD34-EB57-4D68-88F1-930A43B6E894}.Release|Any CPU.ActiveCfg = Release|Any CPU
		{4AC5FD34-EB57-4D68-88F1-930A43B6E894}.Release|Any CPU.Build.0 = Release|Any CPU
		{516A253F-3743-4585-9AE6-B2FF0DF6AF36}.Debug|Any CPU.ActiveCfg = Debug|Any CPU
		{516A253F-3743-4585-9AE6-B2FF0DF6AF36}.Debug|Any CPU.Build.0 = Debug|Any CPU
		{516A253F-3743-4585-9AE6-B2FF0DF6AF36}.Release|Any CPU.ActiveCfg = Release|Any CPU
		{516A253F-3743-4585-9AE6-B2FF0DF6AF36}.Release|Any CPU.Build.0 = Release|Any CPU
		{DDE5F88F-DE59-4CC6-A272-411B1C8DA892}.Debug|Any CPU.ActiveCfg = Debug|Any CPU
		{DDE5F88F-DE59-4CC6-A272-411B1C8DA892}.Debug|Any CPU.Build.0 = Debug|Any CPU
		{DDE5F88F-DE59-4CC6-A272-411B1C8DA892}.Release|Any CPU.ActiveCfg = Release|Any CPU
		{DDE5F88F-DE59-4CC6-A272-411B1C8DA892}.Release|Any CPU.Build.0 = Release|Any CPU
		{82B8CE38-47F7-475D-8500-040F3C35113B}.Debug|Any CPU.ActiveCfg = Debug|Any CPU
		{82B8CE38-47F7-475D-8500-040F3C35113B}.Debug|Any CPU.Build.0 = Debug|Any CPU
		{82B8CE38-47F7-475D-8500-040F3C35113B}.Release|Any CPU.ActiveCfg = Release|Any CPU
		{82B8CE38-47F7-475D-8500-040F3C35113B}.Release|Any CPU.Build.0 = Release|Any CPU
		{C5A399DB-0135-4A09-98FB-C49384EA2446}.Debug|Any CPU.ActiveCfg = Debug|Any CPU
		{C5A399DB-0135-4A09-98FB-C49384EA2446}.Debug|Any CPU.Build.0 = Debug|Any CPU
		{C5A399DB-0135-4A09-98FB-C49384EA2446}.Release|Any CPU.ActiveCfg = Release|Any CPU
		{C5A399DB-0135-4A09-98FB-C49384EA2446}.Release|Any CPU.Build.0 = Release|Any CPU
		{82606E35-BB06-4516-B36D-BE9BE098418B}.Debug|Any CPU.ActiveCfg = Debug|Any CPU
		{82606E35-BB06-4516-B36D-BE9BE098418B}.Debug|Any CPU.Build.0 = Debug|Any CPU
		{82606E35-BB06-4516-B36D-BE9BE098418B}.Release|Any CPU.ActiveCfg = Release|Any CPU
		{82606E35-BB06-4516-B36D-BE9BE098418B}.Release|Any CPU.Build.0 = Release|Any CPU
		{8E1DC7E4-0489-482C-B3A8-CB85D62D53F3}.Debug|Any CPU.ActiveCfg = Debug|Any CPU
		{8E1DC7E4-0489-482C-B3A8-CB85D62D53F3}.Debug|Any CPU.Build.0 = Debug|Any CPU
		{8E1DC7E4-0489-482C-B3A8-CB85D62D53F3}.Release|Any CPU.ActiveCfg = Release|Any CPU
		{8E1DC7E4-0489-482C-B3A8-CB85D62D53F3}.Release|Any CPU.Build.0 = Release|Any CPU
		{66CF49CF-C1CC-43A2-97BD-8DBC81F3B33F}.Debug|Any CPU.ActiveCfg = Debug|Any CPU
		{66CF49CF-C1CC-43A2-97BD-8DBC81F3B33F}.Debug|Any CPU.Build.0 = Debug|Any CPU
		{66CF49CF-C1CC-43A2-97BD-8DBC81F3B33F}.Release|Any CPU.ActiveCfg = Release|Any CPU
		{66CF49CF-C1CC-43A2-97BD-8DBC81F3B33F}.Release|Any CPU.Build.0 = Release|Any CPU
		{6FE3D57D-F8D3-4772-8BDF-FF859AE5C88B}.Debug|Any CPU.ActiveCfg = Debug|Any CPU
		{6FE3D57D-F8D3-4772-8BDF-FF859AE5C88B}.Debug|Any CPU.Build.0 = Debug|Any CPU
		{6FE3D57D-F8D3-4772-8BDF-FF859AE5C88B}.Release|Any CPU.ActiveCfg = Release|Any CPU
		{6FE3D57D-F8D3-4772-8BDF-FF859AE5C88B}.Release|Any CPU.Build.0 = Release|Any CPU
		{A94C4A57-85D0-4DAF-AC78-AD193EE46FB3}.Debug|Any CPU.ActiveCfg = Debug|Any CPU
		{A94C4A57-85D0-4DAF-AC78-AD193EE46FB3}.Debug|Any CPU.Build.0 = Debug|Any CPU
		{A94C4A57-85D0-4DAF-AC78-AD193EE46FB3}.Release|Any CPU.ActiveCfg = Release|Any CPU
		{A94C4A57-85D0-4DAF-AC78-AD193EE46FB3}.Release|Any CPU.Build.0 = Release|Any CPU
	EndGlobalSection
	GlobalSection(SolutionProperties) = preSolution
		HideSolutionNode = FALSE
	EndGlobalSection
	GlobalSection(ExtensibilityGlobals) = postSolution
		SolutionGuid = {F14BC31A-27B4-4A8B-8C93-BED8E460B8C4}
	EndGlobalSection
EndGlobal
