
Microsoft Visual Studio Solution File, Format Version 12.00
# Visual Studio Version 17
VisualStudioVersion = 17.3.32929.385
MinimumVisualStudioVersion = 10.0.40219.1
Project("{9A19103F-16F7-4668-BE54-9A1E7A4F7556}") = "01_Intro", "01_Intro\01_Intro.csproj", "{35053A70-D114-44E5-A937-792064B4E82A}"
EndProject
Project("{9A19103F-16F7-4668-BE54-9A1E7A4F7556}") = "02_Array", "02_Array\02_Array.csproj", "{37FD919F-04D2-49B8-83C9-5B27A7C68DD6}"
EndProject
Project("{9A19103F-16F7-4668-BE54-9A1E7A4F7556}") = "03_Enum", "03_Enum\03_Enum.csproj", "{8C4CB255-05CD-471C-A395-43DFDF9285D7}"
EndProject
Project("{9A19103F-16F7-4668-BE54-9A1E7A4F7556}") = "04_String", "04_String\04_String.csproj", "{BDC698A8-751C-4169-B2F3-80663CD34EF8}"
EndProject
Project("{9A19103F-16F7-4668-BE54-9A1E7A4F7556}") = "05_StringBuilder", "05_StringBuilder\05_StringBuilder.csproj", "{093D77DD-5D75-44EB-B202-45D4F3D7A031}"
EndProject
Project("{9A19103F-16F7-4668-BE54-9A1E7A4F7556}") = "06_IntroToOOP", "06_IntroToOOP\06_IntroToOOP.csproj", "{5829E25E-187A-419F-8BD1-6B5713602CBD}"
EndProject
Project("{FAE04EC0-301F-11D3-BF4B-00C04F79EFBC}") = "07_StructRefOut", "07_StructRefOut\07_StructRefOut.csproj", "{6B34CEF2-3B4C-4671-9644-C51729530AC9}"
EndProject
Global
	GlobalSection(SolutionConfigurationPlatforms) = preSolution
		Debug|Any CPU = Debug|Any CPU
		Release|Any CPU = Release|Any CPU
	EndGlobalSection
	GlobalSection(ProjectConfigurationPlatforms) = postSolution
		{35053A70-D114-44E5-A937-792064B4E82A}.Debug|Any CPU.ActiveCfg = Debug|Any CPU
		{35053A70-D114-44E5-A937-792064B4E82A}.Debug|Any CPU.Build.0 = Debug|Any CPU
		{35053A70-D114-44E5-A937-792064B4E82A}.Release|Any CPU.ActiveCfg = Release|Any CPU
		{35053A70-D114-44E5-A937-792064B4E82A}.Release|Any CPU.Build.0 = Release|Any CPU
		{37FD919F-04D2-49B8-83C9-5B27A7C68DD6}.Debug|Any CPU.ActiveCfg = Debug|Any CPU
		{37FD919F-04D2-49B8-83C9-5B27A7C68DD6}.Debug|Any CPU.Build.0 = Debug|Any CPU
		{37FD919F-04D2-49B8-83C9-5B27A7C68DD6}.Release|Any CPU.ActiveCfg = Release|Any CPU
		{37FD919F-04D2-49B8-83C9-5B27A7C68DD6}.Release|Any CPU.Build.0 = Release|Any CPU
		{8C4CB255-05CD-471C-A395-43DFDF9285D7}.Debug|Any CPU.ActiveCfg = Debug|Any CPU
		{8C4CB255-05CD-471C-A395-43DFDF9285D7}.Debug|Any CPU.Build.0 = Debug|Any CPU
		{8C4CB255-05CD-471C-A395-43DFDF9285D7}.Release|Any CPU.ActiveCfg = Release|Any CPU
		{8C4CB255-05CD-471C-A395-43DFDF9285D7}.Release|Any CPU.Build.0 = Release|Any CPU
		{BDC698A8-751C-4169-B2F3-80663CD34EF8}.Debug|Any CPU.ActiveCfg = Debug|Any CPU
		{BDC698A8-751C-4169-B2F3-80663CD34EF8}.Debug|Any CPU.Build.0 = Debug|Any CPU
		{BDC698A8-751C-4169-B2F3-80663CD34EF8}.Release|Any CPU.ActiveCfg = Release|Any CPU
		{BDC698A8-751C-4169-B2F3-80663CD34EF8}.Release|Any CPU.Build.0 = Release|Any CPU
		{093D77DD-5D75-44EB-B202-45D4F3D7A031}.Debug|Any CPU.ActiveCfg = Debug|Any CPU
		{093D77DD-5D75-44EB-B202-45D4F3D7A031}.Debug|Any CPU.Build.0 = Debug|Any CPU
		{093D77DD-5D75-44EB-B202-45D4F3D7A031}.Release|Any CPU.ActiveCfg = Release|Any CPU
		{093D77DD-5D75-44EB-B202-45D4F3D7A031}.Release|Any CPU.Build.0 = Release|Any CPU
		{5829E25E-187A-419F-8BD1-6B5713602CBD}.Debug|Any CPU.ActiveCfg = Debug|Any CPU
		{5829E25E-187A-419F-8BD1-6B5713602CBD}.Debug|Any CPU.Build.0 = Debug|Any CPU
		{5829E25E-187A-419F-8BD1-6B5713602CBD}.Release|Any CPU.ActiveCfg = Release|Any CPU
		{5829E25E-187A-419F-8BD1-6B5713602CBD}.Release|Any CPU.Build.0 = Release|Any CPU
		{6B34CEF2-3B4C-4671-9644-C51729530AC9}.Debug|Any CPU.ActiveCfg = Debug|Any CPU
		{6B34CEF2-3B4C-4671-9644-C51729530AC9}.Debug|Any CPU.Build.0 = Debug|Any CPU
		{6B34CEF2-3B4C-4671-9644-C51729530AC9}.Release|Any CPU.ActiveCfg = Release|Any CPU
		{6B34CEF2-3B4C-4671-9644-C51729530AC9}.Release|Any CPU.Build.0 = Release|Any CPU
	EndGlobalSection
	GlobalSection(SolutionProperties) = preSolution
		HideSolutionNode = FALSE
	EndGlobalSection
	GlobalSection(ExtensibilityGlobals) = postSolution
		SolutionGuid = {F14BC31A-27B4-4A8B-8C93-BED8E460B8C4}
	EndGlobalSection
EndGlobal
